# THIS IS AN AUTOGENERATED FILE. DO NOT EDIT THIS FILE DIRECTLY.
# yarn lockfile v1


accept@3.x.x:
  version "3.0.2"
  resolved "https://registry.yarnpkg.com/accept/-/accept-3.0.2.tgz#83e41cec7e1149f3fd474880423873db6c6cc9ac"
  dependencies:
    boom "7.x.x"
    hoek "5.x.x"

ammo@3.x.x:
  version "3.0.0"
  resolved "https://registry.yarnpkg.com/ammo/-/ammo-3.0.0.tgz#30f322f70a0904eaee1788f4d26c5be1d72da181"
  dependencies:
    boom "6.x.x"
    hoek "5.x.x"

apr-intercept@^3.0.3:
  version "3.0.3"
  resolved "https://registry.yarnpkg.com/apr-intercept/-/apr-intercept-3.0.3.tgz#421666a55753c4ed0e571494cf8895b721c01369"

apr-main@^4.0.3:
  version "4.0.3"
  resolved "https://registry.yarnpkg.com/apr-main/-/apr-main-4.0.3.tgz#a069262ab87110ccadb61c0252754d2a1c01503a"
  dependencies:
    is-promise "^2.1.0"

async@~1.2.1:
  version "1.2.1"
  resolved "https://registry.yarnpkg.com/async/-/async-1.2.1.tgz#a4816a17cd5ff516dfa2c7698a453369b9790de0"

b64@4.x.x:
  version "4.0.0"
  resolved "https://registry.yarnpkg.com/b64/-/b64-4.0.0.tgz#c37f587f0a383c7019e821120e8c3f58f0d22772"

big-time@2.x.x:
  version "2.0.0"
  resolved "https://registry.yarnpkg.com/big-time/-/big-time-2.0.0.tgz#70193b60faff72c96ed52331b555490e604d7ccc"

boom@6.x.x:
  version "6.0.0"
  resolved "https://registry.yarnpkg.com/boom/-/boom-6.0.0.tgz#9b36c52a12afab3f0e55536131b7fd5021aad0cc"
  dependencies:
    hoek "5.x.x"

boom@7.x.x:
  version "7.1.1"
  resolved "https://registry.yarnpkg.com/boom/-/boom-7.1.1.tgz#50392a4e3417e971f1ad28622c20e832275260bb"
  dependencies:
    hoek "5.x.x"

bounce@1.x.x:
  version "1.2.0"
  resolved "https://registry.yarnpkg.com/bounce/-/bounce-1.2.0.tgz#e3bac68c73fd256e38096551efc09f504873c8c8"
  dependencies:
    boom "7.x.x"
    hoek "5.x.x"

call@5.x.x:
  version "5.0.1"
  resolved "https://registry.yarnpkg.com/call/-/call-5.0.1.tgz#ac1b5c106d9edc2a17af2a4a4f74dd4f0c06e910"
  dependencies:
    boom "7.x.x"
    hoek "5.x.x"

catbox-memory@3.x.x:
  version "3.1.1"
  resolved "https://registry.yarnpkg.com/catbox-memory/-/catbox-memory-3.1.1.tgz#4f398835a3d8f5992c31ddee24378467498a9c9a"
  dependencies:
    big-time "2.x.x"
    boom "7.x.x"
    hoek "5.x.x"

catbox@10.x.x:
  version "10.0.2"
  resolved "https://registry.yarnpkg.com/catbox/-/catbox-10.0.2.tgz#e6ac1f35102d1a9bd07915b82e508d12b50a8bfa"
  dependencies:
    boom "7.x.x"
    bounce "1.x.x"
    hoek "5.x.x"
    joi "13.x.x"

console-polyfill@0.3.0:
  version "0.3.0"
  resolved "https://registry.yarnpkg.com/console-polyfill/-/console-polyfill-0.3.0.tgz#84900902a18c47a5eba932be75fa44d23e8af861"

content@4.x.x:
  version "4.0.3"
  resolved "https://registry.yarnpkg.com/content/-/content-4.0.3.tgz#2224e0449e4258617bc5f7fb4dc2f17f321d21fc"
  dependencies:
    boom "7.x.x"

cross-spawn@^5.0.1:
  version "5.1.0"
  resolved "https://registry.yarnpkg.com/cross-spawn/-/cross-spawn-5.1.0.tgz#e8bd0efee58fcff6f8f94510a0a554bbfa235449"
  dependencies:
    lru-cache "^4.0.1"
    shebang-command "^1.2.0"
    which "^1.2.9"

cryptiles@4.x.x:
  version "4.1.1"
  resolved "https://registry.yarnpkg.com/cryptiles/-/cryptiles-4.1.1.tgz#169256b9df9fe3c73f8085c99e30b32247d4ab46"
  dependencies:
    boom "7.x.x"

debug@2.6.9:
  version "2.6.9"
  resolved "https://registry.yarnpkg.com/debug/-/debug-2.6.9.tgz#5d128515df134ff327e90a4c93f4e077a536341f"
  dependencies:
    ms "2.0.0"

decache@^3.0.5:
  version "3.1.0"
  resolved "https://registry.yarnpkg.com/decache/-/decache-3.1.0.tgz#4f5036fbd6581fcc97237ac3954a244b9536c2da"
  dependencies:
    find "^0.2.4"

error-stack-parser@1.3.3:
  version "1.3.3"
  resolved "https://registry.yarnpkg.com/error-stack-parser/-/error-stack-parser-1.3.3.tgz#fada6e3a9cd2b0e080e6d6fc751418649734f35c"
  dependencies:
    stackframe "^0.3.1"

execa@^0.9.0:
  version "0.9.0"
  resolved "https://registry.yarnpkg.com/execa/-/execa-0.9.0.tgz#adb7ce62cf985071f60580deb4a88b9e34712d01"
  dependencies:
    cross-spawn "^5.0.1"
    get-stream "^3.0.0"
    is-stream "^1.1.0"
    npm-run-path "^2.0.0"
    p-finally "^1.0.0"
    signal-exit "^3.0.0"
    strip-eof "^1.0.0"

extend@3.0.0:
  version "3.0.0"
  resolved "https://registry.yarnpkg.com/extend/-/extend-3.0.0.tgz#5a474353b9f3353ddd8176dfd37b91c83a46f1d4"

find@^0.2.4:
  version "0.2.9"
  resolved "https://registry.yarnpkg.com/find/-/find-0.2.9.tgz#4b73f1ff9e56ad91b76e716407fe5ffe6554bb8c"
  dependencies:
    traverse-chain "~0.1.0"

get-stream@^3.0.0:
  version "3.0.0"
  resolved "https://registry.yarnpkg.com/get-stream/-/get-stream-3.0.0.tgz#8e943d1358dc37555054ecbe2edb05aa174ede14"

hapi@^17.2.0:
  version "17.2.0"
  resolved "https://registry.yarnpkg.com/hapi/-/hapi-17.2.0.tgz#e5d74b65235b443225e05d7b7510cdb80d4887e7"
  dependencies:
    accept "3.x.x"
    ammo "3.x.x"
    boom "7.x.x"
    bounce "1.x.x"
    call "5.x.x"
    catbox "10.x.x"
    catbox-memory "3.x.x"
    heavy "6.x.x"
    hoek "5.x.x"
    joi "13.x.x"
    mimos "4.x.x"
    podium "3.x.x"
    shot "4.x.x"
    statehood "6.x.x"
    subtext "6.x.x"
    teamwork "3.x.x"
    topo "3.x.x"

heavy@6.x.x:
  version "6.1.0"
  resolved "https://registry.yarnpkg.com/heavy/-/heavy-6.1.0.tgz#1bbfa43dc61dd4b543ede3ff87db8306b7967274"
  dependencies:
    boom "7.x.x"
    hoek "5.x.x"
    joi "13.x.x"

hoek@5.x.x:
  version "5.0.3"
  resolved "https://registry.yarnpkg.com/hoek/-/hoek-5.0.3.tgz#b71d40d943d0a95da01956b547f83c4a5b4a34ac"

iron@5.x.x:
  version "5.0.4"
  resolved "https://registry.yarnpkg.com/iron/-/iron-5.0.4.tgz#003ed822f656f07c2b62762815f5de3947326867"
  dependencies:
    boom "7.x.x"
    cryptiles "4.x.x"
    hoek "5.x.x"

is-promise@^2.1.0:
  version "2.1.0"
  resolved "https://registry.yarnpkg.com/is-promise/-/is-promise-2.1.0.tgz#79a2a9ece7f096e80f36d2b2f3bc16c1ff4bf3fa"

is-stream@^1.1.0:
  version "1.1.0"
  resolved "https://registry.yarnpkg.com/is-stream/-/is-stream-1.1.0.tgz#12d4a3dd4e68e0b79ceb8dbc84173ae80d91ca44"

is_js@^0.9.0:
  version "0.9.0"
  resolved "https://registry.yarnpkg.com/is_js/-/is_js-0.9.0.tgz#0ab94540502ba7afa24c856aa985561669e9c52d"

isemail@3.x.x:
  version "3.1.1"
  resolved "https://registry.yarnpkg.com/isemail/-/isemail-3.1.1.tgz#e8450fe78ff1b48347db599122adcd0668bd92b5"
  dependencies:
    punycode "2.x.x"

isexe@^2.0.0:
  version "2.0.0"
  resolved "https://registry.yarnpkg.com/isexe/-/isexe-2.0.0.tgz#e8fbf374dc556ff8947a10dcb0572d633f2cfa10"

joi@13.x.x:
  version "13.1.2"
  resolved "https://registry.yarnpkg.com/joi/-/joi-13.1.2.tgz#b2db260323cc7f919fafa51e09e2275bd089a97e"
  dependencies:
    hoek "5.x.x"
    isemail "3.x.x"
    topo "3.x.x"

json-stringify-safe@~5.0.0:
  version "5.0.1"
  resolved "https://registry.yarnpkg.com/json-stringify-safe/-/json-stringify-safe-5.0.1.tgz#1296a2d58fd45f19a0f6ce01d65701e2c735b6eb"

lru-cache@^4.0.1:
  version "4.1.1"
  resolved "https://registry.yarnpkg.com/lru-cache/-/lru-cache-4.1.1.tgz#622e32e82488b49279114a4f9ecf45e7cd6bba55"
  dependencies:
    pseudomap "^1.0.2"
    yallist "^2.1.2"

lru-cache@~2.2.1:
  version "2.2.4"
  resolved "https://registry.yarnpkg.com/lru-cache/-/lru-cache-2.2.4.tgz#6c658619becf14031d0d0b594b16042ce4dc063d"

mime-db@1.x.x:
  version "1.32.0"
  resolved "https://registry.yarnpkg.com/mime-db/-/mime-db-1.32.0.tgz#485b3848b01a3cda5f968b4882c0771e58e09414"

mimos@4.x.x:
  version "4.0.0"
  resolved "https://registry.yarnpkg.com/mimos/-/mimos-4.0.0.tgz#76e3d27128431cb6482fd15b20475719ad626a5a"
  dependencies:
    hoek "5.x.x"
    mime-db "1.x.x"

ms@2.0.0:
  version "2.0.0"
  resolved "https://registry.yarnpkg.com/ms/-/ms-2.0.0.tgz#5608aeadfc00be6c2901df5f9861788de0d597c8"

nigel@3.x.x:
  version "3.0.0"
  resolved "https://registry.yarnpkg.com/nigel/-/nigel-3.0.0.tgz#a6e3378a8a34281e75ba1641e886a415d4be93ad"
  dependencies:
    hoek "5.x.x"
    vise "3.x.x"

npm-run-path@^2.0.0:
  version "2.0.2"
  resolved "https://registry.yarnpkg.com/npm-run-path/-/npm-run-path-2.0.2.tgz#35a9232dfa35d7067b4cb2ddf2357b1871536c5f"
  dependencies:
    path-key "^2.0.0"

p-finally@^1.0.0:
  version "1.0.0"
  resolved "https://registry.yarnpkg.com/p-finally/-/p-finally-1.0.0.tgz#3fbcfb15b899a44123b34b6dcc18b724336a2cae"

path-key@^2.0.0:
  version "2.0.1"
  resolved "https://registry.yarnpkg.com/path-key/-/path-key-2.0.1.tgz#411cadb574c5a140d3a4b1910d40d80cc9f40b40"

pez@4.x.x:
  version "4.0.1"
  resolved "https://registry.yarnpkg.com/pez/-/pez-4.0.1.tgz#d698ecf9a146c9188d74abe5cef7b5cb71deb3b5"
  dependencies:
    b64 "4.x.x"
    boom "7.x.x"
    content "4.x.x"
    hoek "5.x.x"
    nigel "3.x.x"

podium@3.x.x:
  version "3.1.2"
  resolved "https://registry.yarnpkg.com/podium/-/podium-3.1.2.tgz#b701429739cf6bdde6b3015ae6b48d400817ce9e"
  dependencies:
    hoek "5.x.x"
    joi "13.x.x"

pseudomap@^1.0.2:
  version "1.0.2"
  resolved "https://registry.yarnpkg.com/pseudomap/-/pseudomap-1.0.2.tgz#f052a28da70e618917ef0a8ac34c1ae5a68286b3"

punycode@2.x.x:
  version "2.1.0"
  resolved "https://registry.yarnpkg.com/punycode/-/punycode-2.1.0.tgz#5f863edc89b96db09074bad7947bf09056ca4e7d"

request-ip@~2.0.1:
  version "2.0.2"
  resolved "https://registry.yarnpkg.com/request-ip/-/request-ip-2.0.2.tgz#deeae6d4af21768497db8cd05fa37143f8f1257e"
  dependencies:
    is_js "^0.9.0"

rollbar@2.3.5:
  version "2.3.5"
  resolved "https://registry.yarnpkg.com/rollbar/-/rollbar-2.3.5.tgz#c082bd4d06f20078955f5cc8e0fcd4ea693d4585"
  dependencies:
    async "~1.2.1"
    console-polyfill "0.3.0"
    debug "2.6.9"
    error-stack-parser "1.3.3"
    extend "3.0.0"
    json-stringify-safe "~5.0.0"
    lru-cache "~2.2.1"
    request-ip "~2.0.1"
    uuid "3.0.x"
  optionalDependencies:
    decache "^3.0.5"

rollover@^1.0.0:
  version "1.0.0"
  resolved "https://registry.yarnpkg.com/rollover/-/rollover-1.0.0.tgz#d8555bd55ee09d9f0799086bb35b16d72ff9fc6f"
  dependencies:
    rollbar "2.3.5"

shebang-command@^1.2.0:
  version "1.2.0"
  resolved "https://registry.yarnpkg.com/shebang-command/-/shebang-command-1.2.0.tgz#44aac65b695b03398968c39f363fee5deafdf1ea"
  dependencies:
    shebang-regex "^1.0.0"

shebang-regex@^1.0.0:
  version "1.0.0"
  resolved "https://registry.yarnpkg.com/shebang-regex/-/shebang-regex-1.0.0.tgz#da42f49740c0b42db2ca9728571cb190c98efea3"

shot@4.x.x:
  version "4.0.4"
  resolved "https://registry.yarnpkg.com/shot/-/shot-4.0.4.tgz#cb0d3f61f6588ee23c3eb077f87b17a100d581a2"
  dependencies:
    hoek "5.x.x"
    joi "13.x.x"

signal-exit@^3.0.0:
  version "3.0.2"
  resolved "https://registry.yarnpkg.com/signal-exit/-/signal-exit-3.0.2.tgz#b5fdc08f1287ea1178628e415e25132b73646c6d"

stackframe@^0.3.1:
  version "0.3.1"
  resolved "https://registry.yarnpkg.com/stackframe/-/stackframe-0.3.1.tgz#33aa84f1177a5548c8935533cbfeb3420975f5a4"

statehood@6.x.x:
  version "6.0.5"
  resolved "https://registry.yarnpkg.com/statehood/-/statehood-6.0.5.tgz#bbcdcb3a43a6fb86f4bd04ed48a9309b6cfc1b18"
  dependencies:
    boom "7.x.x"
    bounce "1.x.x"
    cryptiles "4.x.x"
    hoek "5.x.x"
    iron "5.x.x"
    joi "13.x.x"

strip-eof@^1.0.0:
  version "1.0.0"
  resolved "https://registry.yarnpkg.com/strip-eof/-/strip-eof-1.0.0.tgz#bb43ff5598a6eb05d89b59fcd129c983313606bf"

subtext@6.x.x:
  version "6.0.7"
  resolved "https://registry.yarnpkg.com/subtext/-/subtext-6.0.7.tgz#8e40a67901a734d598142665c90e398369b885f9"
  dependencies:
    boom "7.x.x"
    content "4.x.x"
    hoek "5.x.x"
    pez "4.x.x"
    wreck "14.x.x"

teamwork@3.x.x:
  version "3.0.1"
  resolved "https://registry.yarnpkg.com/teamwork/-/teamwork-3.0.1.tgz#ff38c7161f41f8070b7813716eb6154036ece196"

topo@3.x.x:
  version "3.0.0"
  resolved "https://registry.yarnpkg.com/topo/-/topo-3.0.0.tgz#37e48c330efeac784538e0acd3e62ca5e231fe7a"
  dependencies:
    hoek "5.x.x"

traverse-chain@~0.1.0:
  version "0.1.0"
  resolved "https://registry.yarnpkg.com/traverse-chain/-/traverse-chain-0.1.0.tgz#61dbc2d53b69ff6091a12a168fd7d433107e40f1"

uuid@3.0.x:
  version "3.0.1"
  resolved "https://registry.yarnpkg.com/uuid/-/uuid-3.0.1.tgz#6544bba2dfda8c1cf17e629a3a305e2bb1fee6c1"

vise@3.x.x:
  version "3.0.0"
  resolved "https://registry.yarnpkg.com/vise/-/vise-3.0.0.tgz#76ad14ab31669c50fbb0817bc0e72fedcbb3bf4c"
  dependencies:
    hoek "5.x.x"

which@^1.2.9:
  version "1.3.0"
  resolved "https://registry.yarnpkg.com/which/-/which-1.3.0.tgz#ff04bdfc010ee547d780bec38e1ac1c2777d253a"
  dependencies:
    isexe "^2.0.0"

wreck@14.x.x:
  version "14.0.2"
  resolved "https://registry.yarnpkg.com/wreck/-/wreck-14.0.2.tgz#89c17a9061c745ed1c3aebcb66ea181dbaab454c"
  dependencies:
    boom "7.x.x"
    hoek "5.x.x"

yallist@^2.1.2:
  version "2.1.2"
  resolved "https://registry.yarnpkg.com/yallist/-/yallist-2.1.2.tgz#1c11f9218f076089a47dd512f93c6699a6a81d52"
